
Microsoft Visual Studio Solution File, Format Version 12.00
# Visual Studio Version 17
VisualStudioVersion = 17.2.32616.157
MinimumVisualStudioVersion = 10.0.40219.1
Project("{FAE04EC0-301F-11D3-BF4B-00C04F79EFBC}") = "Virtual and Abstract", "Virtual and Abstract\Virtual and Abstract.csproj", "{5C8E379E-8FF0-42C8-9BF7-E2C8ABDBCC71}"
EndProject
Global
	GlobalSection(SolutionConfigurationPlatforms) = preSolution
		Debug|Any CPU = Debug|Any CPU
		Release|Any CPU = Release|Any CPU
	EndGlobalSection
	GlobalSection(ProjectConfigurationPlatforms) = postSolution
		{5C8E379E-8FF0-42C8-9BF7-E2C8ABDBCC71}.Debug|Any CPU.ActiveCfg = Debug|Any CPU
		{5C8E379E-8FF0-42C8-9BF7-E2C8ABDBCC71}.Debug|Any CPU.Build.0 = Debug|Any CPU
		{5C8E379E-8FF0-42C8-9BF7-E2C8ABDBCC71}.Release|Any CPU.ActiveCfg = Release|Any CPU
		{5C8E379E-8FF0-42C8-9BF7-E2C8ABDBCC71}.Release|Any CPU.Build.0 = Release|Any CPU
	EndGlobalSection
	GlobalSection(SolutionProperties) = preSolution
		HideSolutionNode = FALSE
	EndGlobalSection
	GlobalSection(ExtensibilityGlobals) = postSolution
		SolutionGuid = {B724F549-0618-4968-AC07-C05A7BD30B2A}
	EndGlobalSection
EndGlobal
